// !$*UTF8*$!
{
	archiveVersion = 1;
	classes = {
	};
	objectVersion = 51;
	objects = {

/* Begin PBXBuildFile section */
		29DE09F5CBCC47DD8B80C5B3 /* Pods_Realm_Master_Realm_MasterUITests.framework in Frameworks */ = {isa = PBXBuildFile; fileRef = E0B8A781951D7CC5E8451E41 /* Pods_Realm_Master_Realm_MasterUITests.framework */; };
		4F6E79B8E0C3AA3D37D4FD91 /* Pods_Realm_MasterTests.framework in Frameworks */ = {isa = PBXBuildFile; fileRef = CAB74A409B5DB85A6A68AA00 /* Pods_Realm_MasterTests.framework */; };
		A77432917715CE44BDB5B420 /* Pods_Realm_Master.framework in Frameworks */ = {isa = PBXBuildFile; fileRef = 29068C55390ED9764F240948 /* Pods_Realm_Master.framework */; };
		B168153E2498DABA004673E6 /* README.md in Resources */ = {isa = PBXBuildFile; fileRef = B16815382498DABA004673E6 /* README.md */; };
		B16815422498DAF3004673E6 /* SceneDelegate.swift in Sources */ = {isa = PBXBuildFile; fileRef = B16815402498DAF3004673E6 /* SceneDelegate.swift */; };
		B16815432498DAF3004673E6 /* AppDelegate.swift in Sources */ = {isa = PBXBuildFile; fileRef = B16815412498DAF3004673E6 /* AppDelegate.swift */; };
		B168154F2498DB53004673E6 /* LaunchScreen.storyboard in Resources */ = {isa = PBXBuildFile; fileRef = B168154C2498DB53004673E6 /* LaunchScreen.storyboard */; };
		B16815502498DB53004673E6 /* Assets.xcassets in Resources */ = {isa = PBXBuildFile; fileRef = B168154E2498DB53004673E6 /* Assets.xcassets */; };
		B16815552498DB80004673E6 /* ViewController.swift in Sources */ = {isa = PBXBuildFile; fileRef = B16815522498DB80004673E6 /* ViewController.swift */; };
		B16815562498DB80004673E6 /* Main.storyboard in Resources */ = {isa = PBXBuildFile; fileRef = B16815532498DB80004673E6 /* Main.storyboard */; };
		B16AAD9F249A74A2003059EB /* RealmHandler.swift in Sources */ = {isa = PBXBuildFile; fileRef = B16AAD9E249A74A2003059EB /* RealmHandler.swift */; };
/* End PBXBuildFile section */

/* Begin PBXContainerItemProxy section */
		B16814FF2498DA48004673E6 /* PBXContainerItemProxy */ = {
			isa = PBXContainerItemProxy;
			containerPortal = B16814E02498DA45004673E6 /* Project object */;
			proxyType = 1;
			remoteGlobalIDString = B16814E72498DA45004673E6;
			remoteInfo = "Realm Master";
		};
		B168150A2498DA48004673E6 /* PBXContainerItemProxy */ = {
			isa = PBXContainerItemProxy;
			containerPortal = B16814E02498DA45004673E6 /* Project object */;
			proxyType = 1;
			remoteGlobalIDString = B16814E72498DA45004673E6;
			remoteInfo = "Realm Master";
		};
/* End PBXContainerItemProxy section */

/* Begin PBXFileReference section */
		29068C55390ED9764F240948 /* Pods_Realm_Master.framework */ = {isa = PBXFileReference; explicitFileType = wrapper.framework; includeInIndex = 0; path = Pods_Realm_Master.framework; sourceTree = BUILT_PRODUCTS_DIR; };
		38E8AE616AE239E27DF6ECCD /* Pods-Realm Master.debug.xcconfig */ = {isa = PBXFileReference; includeInIndex = 1; lastKnownFileType = text.xcconfig; name = "Pods-Realm Master.debug.xcconfig"; path = "Target Support Files/Pods-Realm Master/Pods-Realm Master.debug.xcconfig"; sourceTree = "<group>"; };
		75DE24D3F88669EDE807A301 /* Pods-Realm Master-Realm MasterUITests.debug.xcconfig */ = {isa = PBXFileReference; includeInIndex = 1; lastKnownFileType = text.xcconfig; name = "Pods-Realm Master-Realm MasterUITests.debug.xcconfig"; path = "Target Support Files/Pods-Realm Master-Realm MasterUITests/Pods-Realm Master-Realm MasterUITests.debug.xcconfig"; sourceTree = "<group>"; };
		97512EFC27816B80422566EF /* Pods-Realm Master.release.xcconfig */ = {isa = PBXFileReference; includeInIndex = 1; lastKnownFileType = text.xcconfig; name = "Pods-Realm Master.release.xcconfig"; path = "Target Support Files/Pods-Realm Master/Pods-Realm Master.release.xcconfig"; sourceTree = "<group>"; };
		B16814E82498DA45004673E6 /* Realm Master.app */ = {isa = PBXFileReference; explicitFileType = wrapper.application; includeInIndex = 0; path = "Realm Master.app"; sourceTree = BUILT_PRODUCTS_DIR; };
		B16814F92498DA48004673E6 /* Info.plist */ = {isa = PBXFileReference; lastKnownFileType = text.plist.xml; path = Info.plist; sourceTree = "<group>"; };
		B16814FE2498DA48004673E6 /* Realm MasterTests.xctest */ = {isa = PBXFileReference; explicitFileType = wrapper.cfbundle; includeInIndex = 0; path = "Realm MasterTests.xctest"; sourceTree = BUILT_PRODUCTS_DIR; };
		B16815092498DA48004673E6 /* Realm MasterUITests.xctest */ = {isa = PBXFileReference; explicitFileType = wrapper.cfbundle; includeInIndex = 0; path = "Realm MasterUITests.xctest"; sourceTree = BUILT_PRODUCTS_DIR; };
		B16815382498DABA004673E6 /* README.md */ = {isa = PBXFileReference; fileEncoding = 4; lastKnownFileType = net.daringfireball.markdown; path = README.md; sourceTree = "<group>"; };
		B16815402498DAF3004673E6 /* SceneDelegate.swift */ = {isa = PBXFileReference; fileEncoding = 4; lastKnownFileType = sourcecode.swift; path = SceneDelegate.swift; sourceTree = "<group>"; };
		B16815412498DAF3004673E6 /* AppDelegate.swift */ = {isa = PBXFileReference; fileEncoding = 4; lastKnownFileType = sourcecode.swift; path = AppDelegate.swift; sourceTree = "<group>"; };
		B168154D2498DB53004673E6 /* Base */ = {isa = PBXFileReference; lastKnownFileType = file.storyboard; name = Base; path = LaunchScreen.storyboard; sourceTree = "<group>"; };
		B168154E2498DB53004673E6 /* Assets.xcassets */ = {isa = PBXFileReference; lastKnownFileType = folder.assetcatalog; path = Assets.xcassets; sourceTree = "<group>"; };
		B16815522498DB80004673E6 /* ViewController.swift */ = {isa = PBXFileReference; fileEncoding = 4; lastKnownFileType = sourcecode.swift; path = ViewController.swift; sourceTree = "<group>"; };
		B16815542498DB80004673E6 /* Base */ = {isa = PBXFileReference; lastKnownFileType = file.storyboard; name = Base; path = Base.lproj/Main.storyboard; sourceTree = "<group>"; };
		B16AAD97249A73C4003059EB /* realm_delete_by_parameter.codesnippet */ = {isa = PBXFileReference; lastKnownFileType = text.xml; path = realm_delete_by_parameter.codesnippet; sourceTree = "<group>"; };
		B16AAD98249A73C4003059EB /* realm_write_data.codesnippet */ = {isa = PBXFileReference; lastKnownFileType = text.xml; path = realm_write_data.codesnippet; sourceTree = "<group>"; };
		B16AAD99249A73C4003059EB /* realm_update_forcefully.codesnippet */ = {isa = PBXFileReference; lastKnownFileType = text.xml; path = realm_update_forcefully.codesnippet; sourceTree = "<group>"; };
		B16AAD9A249A73C4003059EB /* realm_write_list.codesnippet */ = {isa = PBXFileReference; lastKnownFileType = text.xml; path = realm_write_list.codesnippet; sourceTree = "<group>"; };
		B16AAD9B249A73C4003059EB /* realm_read_list.codesnippet */ = {isa = PBXFileReference; lastKnownFileType = text.xml; path = realm_read_list.codesnippet; sourceTree = "<group>"; };
		B16AAD9C249A73C4003059EB /* realm_delete_object.codesnippet */ = {isa = PBXFileReference; lastKnownFileType = text.xml; path = realm_delete_object.codesnippet; sourceTree = "<group>"; };
		B16AAD9D249A73C4003059EB /* realm_read_data.codesnippet */ = {isa = PBXFileReference; lastKnownFileType = text.xml; path = realm_read_data.codesnippet; sourceTree = "<group>"; };
		B16AAD9E249A74A2003059EB /* RealmHandler.swift */ = {isa = PBXFileReference; lastKnownFileType = sourcecode.swift; path = RealmHandler.swift; sourceTree = "<group>"; };
		B7A899453D1FE968CC5E7AD5 /* Pods-Realm MasterTests.debug.xcconfig */ = {isa = PBXFileReference; includeInIndex = 1; lastKnownFileType = text.xcconfig; name = "Pods-Realm MasterTests.debug.xcconfig"; path = "Target Support Files/Pods-Realm MasterTests/Pods-Realm MasterTests.debug.xcconfig"; sourceTree = "<group>"; };
		CAB74A409B5DB85A6A68AA00 /* Pods_Realm_MasterTests.framework */ = {isa = PBXFileReference; explicitFileType = wrapper.framework; includeInIndex = 0; path = Pods_Realm_MasterTests.framework; sourceTree = BUILT_PRODUCTS_DIR; };
		D623485536987A8374F3445E /* Pods-Realm Master-Realm MasterUITests.release.xcconfig */ = {isa = PBXFileReference; includeInIndex = 1; lastKnownFileType = text.xcconfig; name = "Pods-Realm Master-Realm MasterUITests.release.xcconfig"; path = "Target Support Files/Pods-Realm Master-Realm MasterUITests/Pods-Realm Master-Realm MasterUITests.release.xcconfig"; sourceTree = "<group>"; };
		E0B8A781951D7CC5E8451E41 /* Pods_Realm_Master_Realm_MasterUITests.framework */ = {isa = PBXFileReference; explicitFileType = wrapper.framework; includeInIndex = 0; path = Pods_Realm_Master_Realm_MasterUITests.framework; sourceTree = BUILT_PRODUCTS_DIR; };
		FCECF1ABC0A4C510B22661AF /* Pods-Realm MasterTests.release.xcconfig */ = {isa = PBXFileReference; includeInIndex = 1; lastKnownFileType = text.xcconfig; name = "Pods-Realm MasterTests.release.xcconfig"; path = "Target Support Files/Pods-Realm MasterTests/Pods-Realm MasterTests.release.xcconfig"; sourceTree = "<group>"; };
/* End PBXFileReference section */

/* Begin PBXFrameworksBuildPhase section */
		B16814E52498DA45004673E6 /* Frameworks */ = {
			isa = PBXFrameworksBuildPhase;
			buildActionMask = 2147483647;
			files = (
				A77432917715CE44BDB5B420 /* Pods_Realm_Master.framework in Frameworks */,
			);
			runOnlyForDeploymentPostprocessing = 0;
		};
		B16814FB2498DA48004673E6 /* Frameworks */ = {
			isa = PBXFrameworksBuildPhase;
			buildActionMask = 2147483647;
			files = (
				4F6E79B8E0C3AA3D37D4FD91 /* Pods_Realm_MasterTests.framework in Frameworks */,
			);
			runOnlyForDeploymentPostprocessing = 0;
		};
		B16815062498DA48004673E6 /* Frameworks */ = {
			isa = PBXFrameworksBuildPhase;
			buildActionMask = 2147483647;
			files = (
				29DE09F5CBCC47DD8B80C5B3 /* Pods_Realm_Master_Realm_MasterUITests.framework in Frameworks */,
			);
			runOnlyForDeploymentPostprocessing = 0;
		};
/* End PBXFrameworksBuildPhase section */

/* Begin PBXGroup section */
		49F901E3E9B5900288A19FC9 /* Pods */ = {
			isa = PBXGroup;
			children = (
				38E8AE616AE239E27DF6ECCD /* Pods-Realm Master.debug.xcconfig */,
				97512EFC27816B80422566EF /* Pods-Realm Master.release.xcconfig */,
				75DE24D3F88669EDE807A301 /* Pods-Realm Master-Realm MasterUITests.debug.xcconfig */,
				D623485536987A8374F3445E /* Pods-Realm Master-Realm MasterUITests.release.xcconfig */,
				B7A899453D1FE968CC5E7AD5 /* Pods-Realm MasterTests.debug.xcconfig */,
				FCECF1ABC0A4C510B22661AF /* Pods-Realm MasterTests.release.xcconfig */,
			);
			path = Pods;
			sourceTree = "<group>";
		};
		B16814DF2498DA45004673E6 = {
			isa = PBXGroup;
			children = (
				B16815382498DABA004673E6 /* README.md */,
				B16814EA2498DA45004673E6 /* Realm Master */,
				B16814E92498DA45004673E6 /* Products */,
				49F901E3E9B5900288A19FC9 /* Pods */,
				B3DD9303815E0A8A894635DC /* Frameworks */,
			);
			sourceTree = "<group>";
		};
		B16814E92498DA45004673E6 /* Products */ = {
			isa = PBXGroup;
			children = (
				B16814E82498DA45004673E6 /* Realm Master.app */,
				B16814FE2498DA48004673E6 /* Realm MasterTests.xctest */,
				B16815092498DA48004673E6 /* Realm MasterUITests.xctest */,
			);
			name = Products;
			sourceTree = "<group>";
		};
		B16814EA2498DA45004673E6 /* Realm Master */ = {
			isa = PBXGroup;
			children = (
				B16AAD8E249A6299003059EB /* Snippets */,
				B16815512498DB80004673E6 /* View Controller */,
				B168154A2498DB45004673E6 /* Resources */,
				B16815472498DB2C004673E6 /* Helper */,
				B16815442498DB06004673E6 /* Handler */,
				B168153F2498DADD004673E6 /* Delegates */,
				B16814F92498DA48004673E6 /* Info.plist */,
			);
			path = "Realm Master";
			sourceTree = "<group>";
		};
		B168153F2498DADD004673E6 /* Delegates */ = {
			isa = PBXGroup;
			children = (
				B16815412498DAF3004673E6 /* AppDelegate.swift */,
				B16815402498DAF3004673E6 /* SceneDelegate.swift */,
			);
			path = Delegates;
			sourceTree = "<group>";
		};
		B16815442498DB06004673E6 /* Handler */ = {
			isa = PBXGroup;
			children = (
				B16AAD9E249A74A2003059EB /* RealmHandler.swift */,
			);
			path = Handler;
			sourceTree = "<group>";
		};
		B16815472498DB2C004673E6 /* Helper */ = {
			isa = PBXGroup;
			children = (
			);
			name = Helper;
			sourceTree = "<group>";
		};
		B168154A2498DB45004673E6 /* Resources */ = {
			isa = PBXGroup;
			children = (
				B168154E2498DB53004673E6 /* Assets.xcassets */,
				B168154B2498DB53004673E6 /* Base.lproj */,
			);
			path = Resources;
			sourceTree = "<group>";
		};
		B168154B2498DB53004673E6 /* Base.lproj */ = {
			isa = PBXGroup;
			children = (
				B168154C2498DB53004673E6 /* LaunchScreen.storyboard */,
			);
			path = Base.lproj;
			sourceTree = "<group>";
		};
		B16815512498DB80004673E6 /* View Controller */ = {
			isa = PBXGroup;
			children = (
				B16815522498DB80004673E6 /* ViewController.swift */,
				B16815532498DB80004673E6 /* Main.storyboard */,
			);
			path = "View Controller";
			sourceTree = "<group>";
		};
		B16AAD8E249A6299003059EB /* Snippets */ = {
			isa = PBXGroup;
			children = (
				B16AAD97249A73C4003059EB /* realm_delete_by_parameter.codesnippet */,
				B16AAD9C249A73C4003059EB /* realm_delete_object.codesnippet */,
				B16AAD9D249A73C4003059EB /* realm_read_data.codesnippet */,
				B16AAD9B249A73C4003059EB /* realm_read_list.codesnippet */,
				B16AAD99249A73C4003059EB /* realm_update_forcefully.codesnippet */,
				B16AAD98249A73C4003059EB /* realm_write_data.codesnippet */,
				B16AAD9A249A73C4003059EB /* realm_write_list.codesnippet */,
			);
			path = Snippets;
			sourceTree = "<group>";
		};
		B3DD9303815E0A8A894635DC /* Frameworks */ = {
			isa = PBXGroup;
			children = (
				29068C55390ED9764F240948 /* Pods_Realm_Master.framework */,
				E0B8A781951D7CC5E8451E41 /* Pods_Realm_Master_Realm_MasterUITests.framework */,
				CAB74A409B5DB85A6A68AA00 /* Pods_Realm_MasterTests.framework */,
			);
			name = Frameworks;
			sourceTree = "<group>";
		};
/* End PBXGroup section */

/* Begin PBXNativeTarget section */
		B16814E72498DA45004673E6 /* Realm Master */ = {
			isa = PBXNativeTarget;
			buildConfigurationList = B16815122498DA48004673E6 /* Build configuration list for PBXNativeTarget "Realm Master" */;
			buildPhases = (
				A678C80520AF092ADD4B43F2 /* [CP] Check Pods Manifest.lock */,
				B16814E42498DA45004673E6 /* Sources */,
				B16814E52498DA45004673E6 /* Frameworks */,
				B16814E62498DA45004673E6 /* Resources */,
				45F87AD6CA3034F06EC56F95 /* [CP] Embed Pods Frameworks */,
			);
			buildRules = (
			);
			dependencies = (
			);
			name = "Realm Master";
			productName = "Realm Master";
			productReference = B16814E82498DA45004673E6 /* Realm Master.app */;
			productType = "com.apple.product-type.application";
		};
		B16814FD2498DA48004673E6 /* Realm MasterTests */ = {
			isa = PBXNativeTarget;
			buildConfigurationList = B16815152498DA48004673E6 /* Build configuration list for PBXNativeTarget "Realm MasterTests" */;
			buildPhases = (
				875E28BBB03CC5057BF21A5C /* [CP] Check Pods Manifest.lock */,
				B16814FA2498DA48004673E6 /* Sources */,
				B16814FB2498DA48004673E6 /* Frameworks */,
				B16814FC2498DA48004673E6 /* Resources */,
			);
			buildRules = (
			);
			dependencies = (
				B16815002498DA48004673E6 /* PBXTargetDependency */,
			);
			name = "Realm MasterTests";
			productName = "Realm MasterTests";
			productReference = B16814FE2498DA48004673E6 /* Realm MasterTests.xctest */;
			productType = "com.apple.product-type.bundle.unit-test";
		};
		B16815082498DA48004673E6 /* Realm MasterUITests */ = {
			isa = PBXNativeTarget;
			buildConfigurationList = B16815182498DA48004673E6 /* Build configuration list for PBXNativeTarget "Realm MasterUITests" */;
			buildPhases = (
				82DB1832F0C12A9AAADA1457 /* [CP] Check Pods Manifest.lock */,
				B16815052498DA48004673E6 /* Sources */,
				B16815062498DA48004673E6 /* Frameworks */,
				B16815072498DA48004673E6 /* Resources */,
				418C5C14C811B06DF012C9BD /* [CP] Embed Pods Frameworks */,
			);
			buildRules = (
			);
			dependencies = (
				B168150B2498DA48004673E6 /* PBXTargetDependency */,
			);
			name = "Realm MasterUITests";
			productName = "Realm MasterUITests";
			productReference = B16815092498DA48004673E6 /* Realm MasterUITests.xctest */;
			productType = "com.apple.product-type.bundle.ui-testing";
		};
/* End PBXNativeTarget section */

/* Begin PBXProject section */
		B16814E02498DA45004673E6 /* Project object */ = {
			isa = PBXProject;
			attributes = {
				LastSwiftUpdateCheck = 1150;
				LastUpgradeCheck = 1150;
				ORGANIZATIONNAME = vijay;
				TargetAttributes = {
					B16814E72498DA45004673E6 = {
						CreatedOnToolsVersion = 11.5;
					};
					B16814FD2498DA48004673E6 = {
						CreatedOnToolsVersion = 11.5;
						TestTargetID = B16814E72498DA45004673E6;
					};
					B16815082498DA48004673E6 = {
						CreatedOnToolsVersion = 11.5;
						TestTargetID = B16814E72498DA45004673E6;
					};
				};
			};
			buildConfigurationList = B16814E32498DA45004673E6 /* Build configuration list for PBXProject "Realm Master" */;
			compatibilityVersion = "Xcode 9.3";
			developmentRegion = en;
			hasScannedForEncodings = 0;
			knownRegions = (
				en,
				Base,
			);
			mainGroup = B16814DF2498DA45004673E6;
			productRefGroup = B16814E92498DA45004673E6 /* Products */;
			projectDirPath = "";
			projectRoot = "";
			targets = (
				B16814E72498DA45004673E6 /* Realm Master */,
				B16814FD2498DA48004673E6 /* Realm MasterTests */,
				B16815082498DA48004673E6 /* Realm MasterUITests */,
			);
		};
/* End PBXProject section */

/* Begin PBXResourcesBuildPhase section */
		B16814E62498DA45004673E6 /* Resources */ = {
			isa = PBXResourcesBuildPhase;
			buildActionMask = 2147483647;
			files = (
				B168153E2498DABA004673E6 /* README.md in Resources */,
				B168154F2498DB53004673E6 /* LaunchScreen.storyboard in Resources */,
				B16815502498DB53004673E6 /* Assets.xcassets in Resources */,
				B16815562498DB80004673E6 /* Main.storyboard in Resources */,
			);
			runOnlyForDeploymentPostprocessing = 0;
		};
		B16814FC2498DA48004673E6 /* Resources */ = {
			isa = PBXResourcesBuildPhase;
			buildActionMask = 2147483647;
			files = (
			);
			runOnlyForDeploymentPostprocessing = 0;
		};
		B16815072498DA48004673E6 /* Resources */ = {
			isa = PBXResourcesBuildPhase;
			buildActionMask = 2147483647;
			files = (
			);
			runOnlyForDeploymentPostprocessing = 0;
		};
/* End PBXResourcesBuildPhase section */

/* Begin PBXShellScriptBuildPhase section */
		418C5C14C811B06DF012C9BD /* [CP] Embed Pods Frameworks */ = {
			isa = PBXShellScriptBuildPhase;
			buildActionMask = 2147483647;
			files = (
			);
			inputFileListPaths = (
				"${PODS_ROOT}/Target Support Files/Pods-Realm Master-Realm MasterUITests/Pods-Realm Master-Realm MasterUITests-frameworks-${CONFIGURATION}-input-files.xcfilelist",
			);
			name = "[CP] Embed Pods Frameworks";
			outputFileListPaths = (
				"${PODS_ROOT}/Target Support Files/Pods-Realm Master-Realm MasterUITests/Pods-Realm Master-Realm MasterUITests-frameworks-${CONFIGURATION}-output-files.xcfilelist",
			);
			runOnlyForDeploymentPostprocessing = 0;
			shellPath = /bin/sh;
			shellScript = "\"${PODS_ROOT}/Target Support Files/Pods-Realm Master-Realm MasterUITests/Pods-Realm Master-Realm MasterUITests-frameworks.sh\"\n";
			showEnvVarsInLog = 0;
		};
		45F87AD6CA3034F06EC56F95 /* [CP] Embed Pods Frameworks */ = {
			isa = PBXShellScriptBuildPhase;
			buildActionMask = 2147483647;
			files = (
			);
			inputFileListPaths = (
				"${PODS_ROOT}/Target Support Files/Pods-Realm Master/Pods-Realm Master-frameworks-${CONFIGURATION}-input-files.xcfilelist",
			);
			name = "[CP] Embed Pods Frameworks";
			outputFileListPaths = (
				"${PODS_ROOT}/Target Support Files/Pods-Realm Master/Pods-Realm Master-frameworks-${CONFIGURATION}-output-files.xcfilelist",
			);
			runOnlyForDeploymentPostprocessing = 0;
			shellPath = /bin/sh;
			shellScript = "\"${PODS_ROOT}/Target Support Files/Pods-Realm Master/Pods-Realm Master-frameworks.sh\"\n";
			showEnvVarsInLog = 0;
		};
		82DB1832F0C12A9AAADA1457 /* [CP] Check Pods Manifest.lock */ = {
			isa = PBXShellScriptBuildPhase;
			buildActionMask = 2147483647;
			files = (
			);
			inputFileListPaths = (
			);
			inputPaths = (
				"${PODS_PODFILE_DIR_PATH}/Podfile.lock",
				"${PODS_ROOT}/Manifest.lock",
			);
			name = "[CP] Check Pods Manifest.lock";
			outputFileListPaths = (
			);
			outputPaths = (
				"$(DERIVED_FILE_DIR)/Pods-Realm Master-Realm MasterUITests-checkManifestLockResult.txt",
			);
			runOnlyForDeploymentPostprocessing = 0;
			shellPath = /bin/sh;
			shellScript = "diff \"${PODS_PODFILE_DIR_PATH}/Podfile.lock\" \"${PODS_ROOT}/Manifest.lock\" > /dev/null\nif [ $? != 0 ] ; then\n    # print error to STDERR\n    echo \"error: The sandbox is not in sync with the Podfile.lock. Run 'pod install' or update your CocoaPods installation.\" >&2\n    exit 1\nfi\n# This output is used by Xcode 'outputs' to avoid re-running this script phase.\necho \"SUCCESS\" > \"${SCRIPT_OUTPUT_FILE_0}\"\n";
			showEnvVarsInLog = 0;
		};
		875E28BBB03CC5057BF21A5C /* [CP] Check Pods Manifest.lock */ = {
			isa = PBXShellScriptBuildPhase;
			buildActionMask = 2147483647;
			files = (
			);
			inputFileListPaths = (
			);
			inputPaths = (
				"${PODS_PODFILE_DIR_PATH}/Podfile.lock",
				"${PODS_ROOT}/Manifest.lock",
			);
			name = "[CP] Check Pods Manifest.lock";
			outputFileListPaths = (
			);
			outputPaths = (
				"$(DERIVED_FILE_DIR)/Pods-Realm MasterTests-checkManifestLockResult.txt",
			);
			runOnlyForDeploymentPostprocessing = 0;
			shellPath = /bin/sh;
			shellScript = "diff \"${PODS_PODFILE_DIR_PATH}/Podfile.lock\" \"${PODS_ROOT}/Manifest.lock\" > /dev/null\nif [ $? != 0 ] ; then\n    # print error to STDERR\n    echo \"error: The sandbox is not in sync with the Podfile.lock. Run 'pod install' or update your CocoaPods installation.\" >&2\n    exit 1\nfi\n# This output is used by Xcode 'outputs' to avoid re-running this script phase.\necho \"SUCCESS\" > \"${SCRIPT_OUTPUT_FILE_0}\"\n";
			showEnvVarsInLog = 0;
		};
		A678C80520AF092ADD4B43F2 /* [CP] Check Pods Manifest.lock */ = {
			isa = PBXShellScriptBuildPhase;
			buildActionMask = 2147483647;
			files = (
			);
			inputFileListPaths = (
			);
			inputPaths = (
				"${PODS_PODFILE_DIR_PATH}/Podfile.lock",
				"${PODS_ROOT}/Manifest.lock",
			);
			name = "[CP] Check Pods Manifest.lock";
			outputFileListPaths = (
			);
			outputPaths = (
				"$(DERIVED_FILE_DIR)/Pods-Realm Master-checkManifestLockResult.txt",
			);
			runOnlyForDeploymentPostprocessing = 0;
			shellPath = /bin/sh;
			shellScript = "diff \"${PODS_PODFILE_DIR_PATH}/Podfile.lock\" \"${PODS_ROOT}/Manifest.lock\" > /dev/null\nif [ $? != 0 ] ; then\n    # print error to STDERR\n    echo \"error: The sandbox is not in sync with the Podfile.lock. Run 'pod install' or update your CocoaPods installation.\" >&2\n    exit 1\nfi\n# This output is used by Xcode 'outputs' to avoid re-running this script phase.\necho \"SUCCESS\" > \"${SCRIPT_OUTPUT_FILE_0}\"\n";
			showEnvVarsInLog = 0;
		};
/* End PBXShellScriptBuildPhase section */

/* Begin PBXSourcesBuildPhase section */
		B16814E42498DA45004673E6 /* Sources */ = {
			isa = PBXSourcesBuildPhase;
			buildActionMask = 2147483647;
			files = (
				B16AAD9F249A74A2003059EB /* RealmHandler.swift in Sources */,
				B16815552498DB80004673E6 /* ViewController.swift in Sources */,
				B16815432498DAF3004673E6 /* AppDelegate.swift in Sources */,
				B16815422498DAF3004673E6 /* SceneDelegate.swift in Sources */,
			);
			runOnlyForDeploymentPostprocessing = 0;
		};
		B16814FA2498DA48004673E6 /* Sources */ = {
			isa = PBXSourcesBuildPhase;
			buildActionMask = 2147483647;
			files = (
			);
			runOnlyForDeploymentPostprocessing = 0;
		};
		B16815052498DA48004673E6 /* Sources */ = {
			isa = PBXSourcesBuildPhase;
			buildActionMask = 2147483647;
			files = (
			);
			runOnlyForDeploymentPostprocessing = 0;
		};
/* End PBXSourcesBuildPhase section */

/* Begin PBXTargetDependency section */
		B16815002498DA48004673E6 /* PBXTargetDependency */ = {
			isa = PBXTargetDependency;
			target = B16814E72498DA45004673E6 /* Realm Master */;
			targetProxy = B16814FF2498DA48004673E6 /* PBXContainerItemProxy */;
		};
		B168150B2498DA48004673E6 /* PBXTargetDependency */ = {
			isa = PBXTargetDependency;
			target = B16814E72498DA45004673E6 /* Realm Master */;
			targetProxy = B168150A2498DA48004673E6 /* PBXContainerItemProxy */;
		};
/* End PBXTargetDependency section */

/* Begin PBXVariantGroup section */
		B168154C2498DB53004673E6 /* LaunchScreen.storyboard */ = {
			isa = PBXVariantGroup;
			children = (
				B168154D2498DB53004673E6 /* Base */,
			);
			name = LaunchScreen.storyboard;
			sourceTree = "<group>";
		};
		B16815532498DB80004673E6 /* Main.storyboard */ = {
			isa = PBXVariantGroup;
			children = (
				B16815542498DB80004673E6 /* Base */,
			);
			name = Main.storyboard;
			sourceTree = "<group>";
		};
/* End PBXVariantGroup section */

/* Begin XCBuildConfiguration section */
		B16815102498DA48004673E6 /* Debug */ = {
			isa = XCBuildConfiguration;
			buildSettings = {
				ALWAYS_SEARCH_USER_PATHS = NO;
				CLANG_ANALYZER_NONNULL = YES;
				CLANG_ANALYZER_NUMBER_OBJECT_CONVERSION = YES_AGGRESSIVE;
				CLANG_CXX_LANGUAGE_STANDARD = "gnu++14";
				CLANG_CXX_LIBRARY = "libc++";
				CLANG_ENABLE_MODULES = YES;
				CLANG_ENABLE_OBJC_ARC = YES;
				CLANG_ENABLE_OBJC_WEAK = YES;
				CLANG_WARN_BLOCK_CAPTURE_AUTORELEASING = YES;
				CLANG_WARN_BOOL_CONVERSION = YES;
				CLANG_WARN_COMMA = YES;
				CLANG_WARN_CONSTANT_CONVERSION = YES;
				CLANG_WARN_DEPRECATED_OBJC_IMPLEMENTATIONS = YES;
				CLANG_WARN_DIRECT_OBJC_ISA_USAGE = YES_ERROR;
				CLANG_WARN_DOCUMENTATION_COMMENTS = YES;
				CLANG_WARN_EMPTY_BODY = YES;
				CLANG_WARN_ENUM_CONVERSION = YES;
				CLANG_WARN_INFINITE_RECURSION = YES;
				CLANG_WARN_INT_CONVERSION = YES;
				CLANG_WARN_NON_LITERAL_NULL_CONVERSION = YES;
				CLANG_WARN_OBJC_IMPLICIT_RETAIN_SELF = YES;
				CLANG_WARN_OBJC_LITERAL_CONVERSION = YES;
				CLANG_WARN_OBJC_ROOT_CLASS = YES_ERROR;
				CLANG_WARN_RANGE_LOOP_ANALYSIS = YES;
				CLANG_WARN_STRICT_PROTOTYPES = YES;
				CLANG_WARN_SUSPICIOUS_MOVE = YES;
				CLANG_WARN_UNGUARDED_AVAILABILITY = YES_AGGRESSIVE;
				CLANG_WARN_UNREACHABLE_CODE = YES;
				CLANG_WARN__DUPLICATE_METHOD_MATCH = YES;
				COPY_PHASE_STRIP = NO;
				DEBUG_INFORMATION_FORMAT = dwarf;
				ENABLE_STRICT_OBJC_MSGSEND = YES;
				ENABLE_TESTABILITY = YES;
				GCC_C_LANGUAGE_STANDARD = gnu11;
				GCC_DYNAMIC_NO_PIC = NO;
				GCC_NO_COMMON_BLOCKS = YES;
				GCC_OPTIMIZATION_LEVEL = 0;
				GCC_PREPROCESSOR_DEFINITIONS = (
					"DEBUG=1",
					"$(inherited)",
				);
				GCC_WARN_64_TO_32_BIT_CONVERSION = YES;
				GCC_WARN_ABOUT_RETURN_TYPE = YES_ERROR;
				GCC_WARN_UNDECLARED_SELECTOR = YES;
				GCC_WARN_UNINITIALIZED_AUTOS = YES_AGGRESSIVE;
				GCC_WARN_UNUSED_FUNCTION = YES;
				GCC_WARN_UNUSED_VARIABLE = YES;
				IPHONEOS_DEPLOYMENT_TARGET = 13.5;
				MTL_ENABLE_DEBUG_INFO = INCLUDE_SOURCE;
				MTL_FAST_MATH = YES;
				ONLY_ACTIVE_ARCH = YES;
				SDKROOT = iphoneos;
				SWIFT_ACTIVE_COMPILATION_CONDITIONS = DEBUG;
				SWIFT_OPTIMIZATION_LEVEL = "-Onone";
			};
			name = Debug;
		};
		B16815112498DA48004673E6 /* Release */ = {
			isa = XCBuildConfiguration;
			buildSettings = {
				ALWAYS_SEARCH_USER_PATHS = NO;
				CLANG_ANALYZER_NONNULL = YES;
				CLANG_ANALYZER_NUMBER_OBJECT_CONVERSION = YES_AGGRESSIVE;
				CLANG_CXX_LANGUAGE_STANDARD = "gnu++14";
				CLANG_CXX_LIBRARY = "libc++";
				CLANG_ENABLE_MODULES = YES;
				CLANG_ENABLE_OBJC_ARC = YES;
				CLANG_ENABLE_OBJC_WEAK = YES;
				CLANG_WARN_BLOCK_CAPTURE_AUTORELEASING = YES;
				CLANG_WARN_BOOL_CONVERSION = YES;
				CLANG_WARN_COMMA = YES;
				CLANG_WARN_CONSTANT_CONVERSION = YES;
				CLANG_WARN_DEPRECATED_OBJC_IMPLEMENTATIONS = YES;
				CLANG_WARN_DIRECT_OBJC_ISA_USAGE = YES_ERROR;
				CLANG_WARN_DOCUMENTATION_COMMENTS = YES;
				CLANG_WARN_EMPTY_BODY = YES;
				CLANG_WARN_ENUM_CONVERSION = YES;
				CLANG_WARN_INFINITE_RECURSION = YES;
				CLANG_WARN_INT_CONVERSION = YES;
				CLANG_WARN_NON_LITERAL_NULL_CONVERSION = YES;
				CLANG_WARN_OBJC_IMPLICIT_RETAIN_SELF = YES;
				CLANG_WARN_OBJC_LITERAL_CONVERSION = YES;
				CLANG_WARN_OBJC_ROOT_CLASS = YES_ERROR;
				CLANG_WARN_RANGE_LOOP_ANALYSIS = YES;
				CLANG_WARN_STRICT_PROTOTYPES = YES;
				CLANG_WARN_SUSPICIOUS_MOVE = YES;
				CLANG_WARN_UNGUARDED_AVAILABILITY = YES_AGGRESSIVE;
				CLANG_WARN_UNREACHABLE_CODE = YES;
				CLANG_WARN__DUPLICATE_METHOD_MATCH = YES;
				COPY_PHASE_STRIP = NO;
				DEBUG_INFORMATION_FORMAT = "dwarf-with-dsym";
				ENABLE_NS_ASSERTIONS = NO;
				ENABLE_STRICT_OBJC_MSGSEND = YES;
				GCC_C_LANGUAGE_STANDARD = gnu11;
				GCC_NO_COMMON_BLOCKS = YES;
				GCC_WARN_64_TO_32_BIT_CONVERSION = YES;
				GCC_WARN_ABOUT_RETURN_TYPE = YES_ERROR;
				GCC_WARN_UNDECLARED_SELECTOR = YES;
				GCC_WARN_UNINITIALIZED_AUTOS = YES_AGGRESSIVE;
				GCC_WARN_UNUSED_FUNCTION = YES;
				GCC_WARN_UNUSED_VARIABLE = YES;
				IPHONEOS_DEPLOYMENT_TARGET = 13.5;
				MTL_ENABLE_DEBUG_INFO = NO;
				MTL_FAST_MATH = YES;
				SDKROOT = iphoneos;
				SWIFT_COMPILATION_MODE = wholemodule;
				SWIFT_OPTIMIZATION_LEVEL = "-O";
				VALIDATE_PRODUCT = YES;
			};
			name = Release;
		};
		B16815132498DA48004673E6 /* Debug */ = {
			isa = XCBuildConfiguration;
			baseConfigurationReference = 38E8AE616AE239E27DF6ECCD /* Pods-Realm Master.debug.xcconfig */;
			buildSettings = {
				ASSETCATALOG_COMPILER_APPICON_NAME = AppIcon;
				CODE_SIGN_STYLE = Automatic;
				INFOPLIST_FILE = "Realm Master/Info.plist";
				IPHONEOS_DEPLOYMENT_TARGET = 10.0;
				LD_RUNPATH_SEARCH_PATHS = (
					"$(inherited)",
					"@executable_path/Frameworks",
				);
				PRODUCT_BUNDLE_IDENTIFIER = "com.vijay.Realm-Master";
				PRODUCT_NAME = "$(TARGET_NAME)";
				SWIFT_VERSION = 5.0;
				TARGETED_DEVICE_FAMILY = "1,2";
			};
			name = Debug;
		};
		B16815142498DA48004673E6 /* Release */ = {
			isa = XCBuildConfiguration;
			baseConfigurationReference = 97512EFC27816B80422566EF /* Pods-Realm Master.release.xcconfig */;
			buildSettings = {
				ASSETCATALOG_COMPILER_APPICON_NAME = AppIcon;
				CODE_SIGN_STYLE = Automatic;
				INFOPLIST_FILE = "Realm Master/Info.plist";
				IPHONEOS_DEPLOYMENT_TARGET = 10.0;
				LD_RUNPATH_SEARCH_PATHS = (
					"$(inherited)",
					"@executable_path/Frameworks",
				);
				PRODUCT_BUNDLE_IDENTIFIER = "com.vijay.Realm-Master";
				PRODUCT_NAME = "$(TARGET_NAME)";
				SWIFT_VERSION = 5.0;
				TARGETED_DEVICE_FAMILY = "1,2";
			};
			name = Release;
		};
		B16815162498DA48004673E6 /* Debug */ = {
			isa = XCBuildConfiguration;
			baseConfigurationReference = B7A899453D1FE968CC5E7AD5 /* Pods-Realm MasterTests.debug.xcconfig */;
			buildSettings = {
				ALWAYS_EMBED_SWIFT_STANDARD_LIBRARIES = YES;
				BUNDLE_LOADER = "$(TEST_HOST)";
				CODE_SIGN_STYLE = Automatic;
				INFOPLIST_FILE = "Realm MasterTests/Info.plist";
				IPHONEOS_DEPLOYMENT_TARGET = 13.5;
				LD_RUNPATH_SEARCH_PATHS = (
					"$(inherited)",
					"@executable_path/Frameworks",
					"@loader_path/Frameworks",
				);
				PRODUCT_BUNDLE_IDENTIFIER = "com.vijay.Realm-MasterTests";
				PRODUCT_NAME = "$(TARGET_NAME)";
				SWIFT_VERSION = 5.0;
				TARGETED_DEVICE_FAMILY = "1,2";
				TEST_HOST = "$(BUILT_PRODUCTS_DIR)/Realm Master.app/Realm Master";
			};
			name = Debug;
		};
		B16815172498DA48004673E6 /* Release */ = {
			isa = XCBuildConfiguration;
			baseConfigurationReference = FCECF1ABC0A4C510B22661AF /* Pods-Realm MasterTests.release.xcconfig */;
			buildSettings = {
				ALWAYS_EMBED_SWIFT_STANDARD_LIBRARIES = YES;
				BUNDLE_LOADER = "$(TEST_HOST)";
				CODE_SIGN_STYLE = Automatic;
				INFOPLIST_FILE = "Realm MasterTests/Info.plist";
				IPHONEOS_DEPLOYMENT_TARGET = 13.5;
				LD_RUNPATH_SEARCH_PATHS = (
					"$(inherited)",
					"@executable_path/Frameworks",
					"@loader_path/Frameworks",
				);
				PRODUCT_BUNDLE_IDENTIFIER = "com.vijay.Realm-MasterTests";
				PRODUCT_NAME = "$(TARGET_NAME)";
				SWIFT_VERSION = 5.0;
				TARGETED_DEVICE_FAMILY = "1,2";
				TEST_HOST = "$(BUILT_PRODUCTS_DIR)/Realm Master.app/Realm Master";
			};
			name = Release;
		};
		B16815192498DA48004673E6 /* Debug */ = {
			isa = XCBuildConfiguration;
			baseConfigurationReference = 75DE24D3F88669EDE807A301 /* Pods-Realm Master-Realm MasterUITests.debug.xcconfig */;
			buildSettings = {
				ALWAYS_EMBED_SWIFT_STANDARD_LIBRARIES = YES;
				CODE_SIGN_STYLE = Automatic;
				INFOPLIST_FILE = "Realm MasterUITests/Info.plist";
				LD_RUNPATH_SEARCH_PATHS = (
					"$(inherited)",
					"@executable_path/Frameworks",
					"@loader_path/Frameworks",
				);
				PRODUCT_BUNDLE_IDENTIFIER = "com.vijay.Realm-MasterUITests";
				PRODUCT_NAME = "$(TARGET_NAME)";
				SWIFT_VERSION = 5.0;
				TARGETED_DEVICE_FAMILY = "1,2";
				TEST_TARGET_NAME = "Realm Master";
			};
			name = Debug;
		};
		B168151A2498DA48004673E6 /* Release */ = {
			isa = XCBuildConfiguration;
			baseConfigurationReference = D623485536987A8374F3445E /* Pods-Realm Master-Realm MasterUITests.release.xcconfig */;
			buildSettings = {
				ALWAYS_EMBED_SWIFT_STANDARD_LIBRARIES = YES;
				CODE_SIGN_STYLE = Automatic;
				INFOPLIST_FILE = "Realm MasterUITests/Info.plist";
				LD_RUNPATH_SEARCH_PATHS = (
					"$(inherited)",
					"@executable_path/Frameworks",
					"@loader_path/Frameworks",
				);
				PRODUCT_BUNDLE_IDENTIFIER = "com.vijay.Realm-MasterUITests";
				PRODUCT_NAME = "$(TARGET_NAME)";
				SWIFT_VERSION = 5.0;
				TARGETED_DEVICE_FAMILY = "1,2";
				TEST_TARGET_NAME = "Realm Master";
			};
			name = Release;
		};
/* End XCBuildConfiguration section */

/* Begin XCConfigurationList section */
		B16814E32498DA45004673E6 /* Build configuration list for PBXProject "Realm Master" */ = {
			isa = XCConfigurationList;
			buildConfigurations = (
				B16815102498DA48004673E6 /* Debug */,
				B16815112498DA48004673E6 /* Release */,
			);
			defaultConfigurationIsVisible = 0;
			defaultConfigurationName = Release;
		};
		B16815122498DA48004673E6 /* Build configuration list for PBXNativeTarget "Realm Master" */ = {
			isa = XCConfigurationList;
			buildConfigurations = (
				B16815132498DA48004673E6 /* Debug */,
				B16815142498DA48004673E6 /* Release */,
			);
			defaultConfigurationIsVisible = 0;
			defaultConfigurationName = Release;
		};
		B16815152498DA48004673E6 /* Build configuration list for PBXNativeTarget "Realm MasterTests" */ = {
			isa = XCConfigurationList;
			buildConfigurations = (
				B16815162498DA48004673E6 /* Debug */,
				B16815172498DA48004673E6 /* Release */,
			);
			defaultConfigurationIsVisible = 0;
			defaultConfigurationName = Release;
		};
		B16815182498DA48004673E6 /* Build configuration list for PBXNativeTarget "Realm MasterUITests" */ = {
			isa = XCConfigurationList;
			buildConfigurations = (
				B16815192498DA48004673E6 /* Debug */,
				B168151A2498DA48004673E6 /* Release */,
			);
			defaultConfigurationIsVisible = 0;
			defaultConfigurationName = Release;
		};
/* End XCConfigurationList section */
	};
	rootObject = B16814E02498DA45004673E6 /* Project object */;
}
